{
  "version": 4,
  "terraform_version": "1.5.7",
  "serial": 32,
  "lineage": "c5b09e77-dc52-4fff-8a8b-1de4721eb74a",
  "outputs": {
    "acm_certificate_arn": {
      "value": "arn:aws:acm:us-east-1:628835453302:certificate/bcfb9654-88a3-407e-9c02-46a7fbda4a09",
      "type": "string"
    },
    "cloudfront_distribution_id": {
      "value": "E2SEY089GQCON8",
      "type": "string"
    },
    "cloudfront_domain": {
      "value": "d1w115jzf9rrth.cloudfront.net",
      "type": "string"
    },
    "github_actions_role_arn": {
      "value": "arn:aws:iam::628835453302:role/portfolio-github-actions-deploy",
      "type": "string"
    },
    "s3_bucket_name": {
      "value": "hectoragomez.com",
      "type": "string"
    }
  },
  "resources": [
    {
      "mode": "managed",
      "type": "aws_acm_certificate",
      "name": "portfolio",
      "provider": "provider[\"registry.terraform.io/hashicorp/aws\"].us_east_1",
      "instances": [
        {
          "schema_version": 0,
          "attributes": {
            "arn": "arn:aws:acm:us-east-1:628835453302:certificate/bcfb9654-88a3-407e-9c02-46a7fbda4a09",
            "certificate_authority_arn": "",
            "certificate_body": null,
            "certificate_chain": null,
            "domain_name": "hectoragomez.com",
            "domain_validation_options": [
              {
                "domain_name": "hectoragomez.com",
                "resource_record_name": "_5b06bed39273da30a28a437213e627ed.hectoragomez.com.",
                "resource_record_type": "CNAME",
                "resource_record_value": "_c6debe6a05b1192926009d9b83c0583d.jkddzztszm.acm-validations.aws."
              },
              {
                "domain_name": "www.hectoragomez.com",
                "resource_record_name": "_6ad32cc2683e0ad43841a9e9924f08fb.www.hectoragomez.com.",
                "resource_record_type": "CNAME",
                "resource_record_value": "_6afbdf75a2ca54c23d735be40b07067f.jkddzztszm.acm-validations.aws."
              }
            ],
            "early_renewal_duration": "",
            "id": "arn:aws:acm:us-east-1:628835453302:certificate/bcfb9654-88a3-407e-9c02-46a7fbda4a09",
            "key_algorithm": "RSA_2048",
            "not_after": "2026-10-06T23:59:59Z",
            "not_before": "2026-03-23T00:00:00Z",
            "options": [
              {
                "certificate_transparency_logging_preference": "ENABLED"
              }
            ],
            "pending_renewal": false,
            "private_key": null,
            "renewal_eligibility": "ELIGIBLE",
            "renewal_summary": [],
            "status": "ISSUED",
            "subject_alternative_names": [
              "hectoragomez.com",
              "www.hectoragomez.com"
            ],
            "tags": {
              "Project": "portfolio"
            },
            "tags_all": {
              "Project": "portfolio"
            },
            "type": "AMAZON_ISSUED",
            "validation_emails": [],
            "validation_method": "DNS",
            "validation_option": []
          },
          "sensitive_attributes": [],
          "private": "bnVsbA==",
          "create_before_destroy": true
        }
      ]
    },
    {
      "mode": "managed",
      "type": "aws_acm_certificate_validation",
      "name": "portfolio",
      "provider": "provider[\"registry.terraform.io/hashicorp/aws\"].us_east_1",
      "instances": [
        {
          "schema_version": 0,
          "attributes": {
            "certificate_arn": "arn:aws:acm:us-east-1:628835453302:certificate/bcfb9654-88a3-407e-9c02-46a7fbda4a09",
            "id": "2026-03-23 05:10:46.033 +0000 UTC",
            "timeouts": null,
            "validation_record_fqdns": [
              "_5b06bed39273da30a28a437213e627ed.hectoragomez.com",
              "_6ad32cc2683e0ad43841a9e9924f08fb.www.hectoragomez.com"
            ]
          },
          "sensitive_attributes": [],
          "private": "eyJlMmJmYjczMC1lY2FhLTExZTYtOGY4OC0zNDM2M2JjN2M0YzAiOnsiY3JlYXRlIjo0NTAwMDAwMDAwMDAwfX0=",
          "dependencies": [
            "aws_acm_certificate.portfolio",
            "aws_route53_record.acm_validation",
            "aws_route53_zone.portfolio"
          ]
        }
      ]
    },
    {
      "mode": "managed",
      "type": "aws_cloudfront_distribution",
      "name": "portfolio",
      "provider": "provider[\"registry.terraform.io/hashicorp/aws\"]",
      "instances": [
        {
          "schema_version": 1,
          "attributes": {
            "aliases": [
              "hectoragomez.com",
              "www.hectoragomez.com"
            ],
            "arn": "arn:aws:cloudfront::628835453302:distribution/E2SEY089GQCON8",
            "caller_reference": "terraform-20260323062412236100000001",
            "comment": null,
            "continuous_deployment_policy_id": "",
            "custom_error_response": [
              {
                "error_caching_min_ttl": 0,
                "error_code": 403,
                "response_code": 200,
                "response_page_path": "/index.html"
              },
              {
                "error_caching_min_ttl": 0,
                "error_code": 404,
                "response_code": 200,
                "response_page_path": "/index.html"
              }
            ],
            "default_cache_behavior": [
              {
                "allowed_methods": [
                  "GET",
                  "HEAD"
                ],
                "cache_policy_id": "",
                "cached_methods": [
                  "GET",
                  "HEAD"
                ],
                "compress": true,
                "default_ttl": 86400,
                "field_level_encryption_id": "",
                "forwarded_values": [
                  {
                    "cookies": [
                      {
                        "forward": "none",
                        "whitelisted_names": []
                      }
                    ],
                    "headers": [],
                    "query_string": false,
                    "query_string_cache_keys": []
                  }
                ],
                "function_association": [],
                "grpc_config": [
                  {
                    "enabled": false
                  }
                ],
                "lambda_function_association": [],
                "max_ttl": 31536000,
                "min_ttl": 0,
                "origin_request_policy_id": "",
                "realtime_log_config_arn": "",
                "response_headers_policy_id": "",
                "smooth_streaming": false,
                "target_origin_id": "s3-hectoragomez.com",
                "trusted_key_groups": [],
                "trusted_signers": [],
                "viewer_protocol_policy": "redirect-to-https"
              }
            ],
            "default_root_object": "index.html",
            "domain_name": "d1w115jzf9rrth.cloudfront.net",
            "enabled": true,
            "etag": "ETVPDKIKX0DER",
            "hosted_zone_id": "Z2FDTNDATAQYW2",
            "http_version": "http2",
            "id": "E2SEY089GQCON8",
            "in_progress_validation_batches": 0,
            "is_ipv6_enabled": true,
            "last_modified_time": "2026-03-23 07:23:33.522 +0000 UTC",
            "logging_config": [],
            "ordered_cache_behavior": [],
            "origin": [
              {
                "connection_attempts": 3,
                "connection_timeout": 10,
                "custom_header": [],
                "custom_origin_config": [],
                "domain_name": "hectoragomez.com.s3.us-east-1.amazonaws.com",
                "origin_access_control_id": "E3DWHZI83Y1K24",
                "origin_id": "s3-hectoragomez.com",
                "origin_path": "",
                "origin_shield": [],
                "s3_origin_config": [],
                "vpc_origin_config": []
              }
            ],
            "origin_group": [],
            "price_class": "PriceClass_100",
            "restrictions": [
              {
                "geo_restriction": [
                  {
                    "locations": [],
                    "restriction_type": "none"
                  }
                ]
              }
            ],
            "retain_on_delete": false,
            "staging": false,
            "status": "Deployed",
            "tags": {
              "Project": "portfolio"
            },
            "tags_all": {
              "Project": "portfolio"
            },
            "trusted_key_groups": [
              {
                "enabled": false,
                "items": []
              }
            ],
            "trusted_signers": [
              {
                "enabled": false,
                "items": []
              }
            ],
            "viewer_certificate": [
              {
                "acm_certificate_arn": "arn:aws:acm:us-east-1:628835453302:certificate/bcfb9654-88a3-407e-9c02-46a7fbda4a09",
                "cloudfront_default_certificate": false,
                "iam_certificate_id": "",
                "minimum_protocol_version": "TLSv1.2_2021",
                "ssl_support_method": "sni-only"
              }
            ],
            "wait_for_deployment": true,
            "web_acl_id": ""
          },
          "sensitive_attributes": [],
          "private": "eyJzY2hlbWFfdmVyc2lvbiI6IjEifQ==",
          "dependencies": [
            "aws_acm_certificate.portfolio",
            "aws_acm_certificate_validation.portfolio",
            "aws_cloudfront_origin_access_control.portfolio",
            "aws_route53_record.acm_validation",
            "aws_route53_zone.portfolio",
            "aws_s3_bucket.portfolio"
          ]
        }
      ]
    },
    {
      "mode": "managed",
      "type": "aws_cloudfront_origin_access_control",
      "name": "portfolio",
      "provider": "provider[\"registry.terraform.io/hashicorp/aws\"]",
      "instances": [
        {
          "schema_version": 0,
          "attributes": {
            "arn": "arn:aws:cloudfront::628835453302:origin-access-control/E3DWHZI83Y1K24",
            "description": "Managed by Terraform",
            "etag": "ETVPDKIKX0DER",
            "id": "E3DWHZI83Y1K24",
            "name": "hectoragomez.com-oac",
            "origin_access_control_origin_type": "s3",
            "signing_behavior": "always",
            "signing_protocol": "sigv4"
          },
          "sensitive_attributes": [],
          "private": "bnVsbA=="
        }
      ]
    },
    {
      "mode": "managed",
      "type": "aws_iam_openid_connect_provider",
      "name": "github",
      "provider": "provider[\"registry.terraform.io/hashicorp/aws\"]",
      "instances": [
        {
          "schema_version": 0,
          "attributes": {
            "arn": "arn:aws:iam::628835453302:oidc-provider/token.actions.githubusercontent.com",
            "client_id_list": [
              "sts.amazonaws.com"
            ],
            "id": "arn:aws:iam::628835453302:oidc-provider/token.actions.githubusercontent.com",
            "tags": {},
            "tags_all": {},
            "thumbprint_list": [
              "6938fd4d98bab03faadb97b34396831e3780aea1"
            ],
            "url": "token.actions.githubusercontent.com"
          },
          "sensitive_attributes": [],
          "private": "bnVsbA=="
        }
      ]
    },
    {
      "mode": "managed",
      "type": "aws_iam_role",
      "name": "github_actions_deploy",
      "provider": "provider[\"registry.terraform.io/hashicorp/aws\"]",
      "instances": [
        {
          "schema_version": 0,
          "attributes": {
            "arn": "arn:aws:iam::628835453302:role/portfolio-github-actions-deploy",
            "assume_role_policy": "{\"Statement\":[{\"Action\":\"sts:AssumeRoleWithWebIdentity\",\"Condition\":{\"StringEquals\":{\"token.actions.githubusercontent.com:aud\":\"sts.amazonaws.com\"},\"StringLike\":{\"token.actions.githubusercontent.com:sub\":\"repo:hectoragr/portfolio:ref:refs/heads/master\"}},\"Effect\":\"Allow\",\"Principal\":{\"Federated\":\"arn:aws:iam::628835453302:oidc-provider/token.actions.githubusercontent.com\"}}],\"Version\":\"2012-10-17\"}",
            "create_date": "2026-03-23T04:24:09Z",
            "description": "",
            "force_detach_policies": false,
            "id": "portfolio-github-actions-deploy",
            "inline_policy": [
              {
                "name": "portfolio-deploy-policy",
                "policy": "{\"Version\":\"2012-10-17\",\"Statement\":[{\"Action\":[\"s3:PutObject\",\"s3:GetObject\",\"s3:DeleteObject\",\"s3:ListBucket\"],\"Effect\":\"Allow\",\"Resource\":[\"arn:aws:s3:::hectoragomez.com\",\"arn:aws:s3:::hectoragomez.com/*\"],\"Sid\":\"S3Sync\"},{\"Action\":[\"cloudfront:CreateInvalidation\"],\"Effect\":\"Allow\",\"Resource\":\"arn:aws:cloudfront::628835453302:distribution/E2SEY089GQCON8\",\"Sid\":\"CloudFrontInvalidate\"}]}"
              }
            ],
            "managed_policy_arns": [],
            "max_session_duration": 3600,
            "name": "portfolio-github-actions-deploy",
            "name_prefix": "",
            "path": "/",
            "permissions_boundary": "",
            "tags": {
              "Project": "portfolio"
            },
            "tags_all": {
              "Project": "portfolio"
            },
            "unique_id": "AROAZE2MDRF3AKC3CWYBF"
          },
          "sensitive_attributes": [],
          "private": "bnVsbA==",
          "dependencies": [
            "aws_iam_openid_connect_provider.github"
          ]
        }
      ]
    },
    {
      "mode": "managed",
      "type": "aws_iam_role_policy",
      "name": "github_actions_deploy",
      "provider": "provider[\"registry.terraform.io/hashicorp/aws\"]",
      "instances": [
        {
          "schema_version": 0,
          "attributes": {
            "id": "portfolio-github-actions-deploy:portfolio-deploy-policy",
            "name": "portfolio-deploy-policy",
            "name_prefix": "",
            "policy": "{\"Version\":\"2012-10-17\",\"Statement\":[{\"Action\":[\"s3:PutObject\",\"s3:GetObject\",\"s3:DeleteObject\",\"s3:ListBucket\"],\"Effect\":\"Allow\",\"Resource\":[\"arn:aws:s3:::hectoragomez.com\",\"arn:aws:s3:::hectoragomez.com/*\"],\"Sid\":\"S3Sync\"},{\"Action\":[\"cloudfront:CreateInvalidation\"],\"Effect\":\"Allow\",\"Resource\":\"arn:aws:cloudfront::628835453302:distribution/E2SEY089GQCON8\",\"Sid\":\"CloudFrontInvalidate\"}]}",
            "role": "portfolio-github-actions-deploy"
          },
          "sensitive_attributes": [],
          "private": "bnVsbA==",
          "dependencies": [
            "aws_acm_certificate.portfolio",
            "aws_acm_certificate_validation.portfolio",
            "aws_cloudfront_distribution.portfolio",
            "aws_cloudfront_origin_access_control.portfolio",
            "aws_iam_openid_connect_provider.github",
            "aws_iam_role.github_actions_deploy",
            "aws_route53_record.acm_validation",
            "aws_route53_zone.portfolio",
            "aws_s3_bucket.portfolio"
          ]
        }
      ]
    },
    {
      "mode": "managed",
      "type": "aws_route53_record",
      "name": "acm_validation",
      "provider": "provider[\"registry.terraform.io/hashicorp/aws\"]",
      "instances": [
        {
          "index_key": "hectoragomez.com",
          "schema_version": 2,
          "attributes": {
            "alias": [],
            "allow_overwrite": null,
            "cidr_routing_policy": [],
            "failover_routing_policy": [],
            "fqdn": "_5b06bed39273da30a28a437213e627ed.hectoragomez.com",
            "geolocation_routing_policy": [],
            "geoproximity_routing_policy": [],
            "health_check_id": "",
            "id": "Z01423473OIRTW86CLXNU__5b06bed39273da30a28a437213e627ed.hectoragomez.com._CNAME",
            "latency_routing_policy": [],
            "multivalue_answer_routing_policy": false,
            "name": "_5b06bed39273da30a28a437213e627ed.hectoragomez.com",
            "records": [
              "_c6debe6a05b1192926009d9b83c0583d.jkddzztszm.acm-validations.aws."
            ],
            "set_identifier": "",
            "timeouts": null,
            "ttl": 60,
            "type": "CNAME",
            "weighted_routing_policy": [],
            "zone_id": "Z01423473OIRTW86CLXNU"
          },
          "sensitive_attributes": [],
          "private": "eyJlMmJmYjczMC1lY2FhLTExZTYtOGY4OC0zNDM2M2JjN2M0YzAiOnsiY3JlYXRlIjoxODAwMDAwMDAwMDAwLCJkZWxldGUiOjE4MDAwMDAwMDAwMDAsInVwZGF0ZSI6MTgwMDAwMDAwMDAwMH0sInNjaGVtYV92ZXJzaW9uIjoiMiJ9",
          "dependencies": [
            "aws_acm_certificate.portfolio",
            "aws_route53_zone.portfolio"
          ]
        },
        {
          "index_key": "www.hectoragomez.com",
          "schema_version": 2,
          "attributes": {
            "alias": [],
            "allow_overwrite": null,
            "cidr_routing_policy": [],
            "failover_routing_policy": [],
            "fqdn": "_6ad32cc2683e0ad43841a9e9924f08fb.www.hectoragomez.com",
            "geolocation_routing_policy": [],
            "geoproximity_routing_policy": [],
            "health_check_id": "",
            "id": "Z01423473OIRTW86CLXNU__6ad32cc2683e0ad43841a9e9924f08fb.www.hectoragomez.com._CNAME",
            "latency_routing_policy": [],
            "multivalue_answer_routing_policy": false,
            "name": "_6ad32cc2683e0ad43841a9e9924f08fb.www.hectoragomez.com",
            "records": [
              "_6afbdf75a2ca54c23d735be40b07067f.jkddzztszm.acm-validations.aws."
            ],
            "set_identifier": "",
            "timeouts": null,
            "ttl": 60,
            "type": "CNAME",
            "weighted_routing_policy": [],
            "zone_id": "Z01423473OIRTW86CLXNU"
          },
          "sensitive_attributes": [],
          "private": "eyJlMmJmYjczMC1lY2FhLTExZTYtOGY4OC0zNDM2M2JjN2M0YzAiOnsiY3JlYXRlIjoxODAwMDAwMDAwMDAwLCJkZWxldGUiOjE4MDAwMDAwMDAwMDAsInVwZGF0ZSI6MTgwMDAwMDAwMDAwMH0sInNjaGVtYV92ZXJzaW9uIjoiMiJ9",
          "dependencies": [
            "aws_acm_certificate.portfolio",
            "aws_route53_zone.portfolio"
          ]
        }
      ]
    },
    {
      "mode": "managed",
      "type": "aws_route53_record",
      "name": "root",
      "provider": "provider[\"registry.terraform.io/hashicorp/aws\"]",
      "instances": [
        {
          "schema_version": 2,
          "attributes": {
            "alias": [
              {
                "evaluate_target_health": false,
                "name": "d1w115jzf9rrth.cloudfront.net",
                "zone_id": "Z2FDTNDATAQYW2"
              }
            ],
            "allow_overwrite": null,
            "cidr_routing_policy": [],
            "failover_routing_policy": [],
            "fqdn": "hectoragomez.com",
            "geolocation_routing_policy": [],
            "geoproximity_routing_policy": [],
            "health_check_id": "",
            "id": "Z01423473OIRTW86CLXNU_hectoragomez.com_A",
            "latency_routing_policy": [],
            "multivalue_answer_routing_policy": false,
            "name": "hectoragomez.com",
            "records": [],
            "set_identifier": "",
            "timeouts": null,
            "ttl": 0,
            "type": "A",
            "weighted_routing_policy": [],
            "zone_id": "Z01423473OIRTW86CLXNU"
          },
          "sensitive_attributes": [],
          "private": "eyJlMmJmYjczMC1lY2FhLTExZTYtOGY4OC0zNDM2M2JjN2M0YzAiOnsiY3JlYXRlIjoxODAwMDAwMDAwMDAwLCJkZWxldGUiOjE4MDAwMDAwMDAwMDAsInVwZGF0ZSI6MTgwMDAwMDAwMDAwMH0sInNjaGVtYV92ZXJzaW9uIjoiMiJ9",
          "dependencies": [
            "aws_acm_certificate.portfolio",
            "aws_acm_certificate_validation.portfolio",
            "aws_cloudfront_distribution.portfolio",
            "aws_cloudfront_origin_access_control.portfolio",
            "aws_route53_record.acm_validation",
            "aws_route53_zone.portfolio",
            "aws_s3_bucket.portfolio"
          ]
        }
      ]
    },
    {
      "mode": "managed",
      "type": "aws_route53_record",
      "name": "www",
      "provider": "provider[\"registry.terraform.io/hashicorp/aws\"]",
      "instances": [
        {
          "schema_version": 2,
          "attributes": {
            "alias": [
              {
                "evaluate_target_health": false,
                "name": "d1w115jzf9rrth.cloudfront.net",
                "zone_id": "Z2FDTNDATAQYW2"
              }
            ],
            "allow_overwrite": null,
            "cidr_routing_policy": [],
            "failover_routing_policy": [],
            "fqdn": "www.hectoragomez.com",
            "geolocation_routing_policy": [],
            "geoproximity_routing_policy": [],
            "health_check_id": "",
            "id": "Z01423473OIRTW86CLXNU_www.hectoragomez.com_A",
            "latency_routing_policy": [],
            "multivalue_answer_routing_policy": false,
            "name": "www.hectoragomez.com",
            "records": [],
            "set_identifier": "",
            "timeouts": null,
            "ttl": 0,
            "type": "A",
            "weighted_routing_policy": [],
            "zone_id": "Z01423473OIRTW86CLXNU"
          },
          "sensitive_attributes": [],
          "private": "eyJlMmJmYjczMC1lY2FhLTExZTYtOGY4OC0zNDM2M2JjN2M0YzAiOnsiY3JlYXRlIjoxODAwMDAwMDAwMDAwLCJkZWxldGUiOjE4MDAwMDAwMDAwMDAsInVwZGF0ZSI6MTgwMDAwMDAwMDAwMH0sInNjaGVtYV92ZXJzaW9uIjoiMiJ9",
          "dependencies": [
            "aws_acm_certificate.portfolio",
            "aws_acm_certificate_validation.portfolio",
            "aws_cloudfront_distribution.portfolio",
            "aws_cloudfront_origin_access_control.portfolio",
            "aws_route53_record.acm_validation",
            "aws_route53_zone.portfolio",
            "aws_s3_bucket.portfolio"
          ]
        }
      ]
    },
    {
      "mode": "managed",
      "type": "aws_route53_zone",
      "name": "portfolio",
      "provider": "provider[\"registry.terraform.io/hashicorp/aws\"]",
      "instances": [
        {
          "schema_version": 0,
          "attributes": {
            "arn": "arn:aws:route53:::hostedzone/Z01423473OIRTW86CLXNU",
            "comment": "Managed by Terraform",
            "delegation_set_id": "",
            "force_destroy": false,
            "id": "Z01423473OIRTW86CLXNU",
            "name": "hectoragomez.com",
            "name_servers": [
              "ns-1390.awsdns-45.org",
              "ns-1856.awsdns-40.co.uk",
              "ns-351.awsdns-43.com",
              "ns-668.awsdns-19.net"
            ],
            "primary_name_server": "ns-351.awsdns-43.com",
            "tags": {
              "Project": "portfolio"
            },
            "tags_all": {
              "Project": "portfolio"
            },
            "timeouts": null,
            "vpc": [],
            "zone_id": "Z01423473OIRTW86CLXNU"
          },
          "sensitive_attributes": [],
          "private": "eyJlMmJmYjczMC1lY2FhLTExZTYtOGY4OC0zNDM2M2JjN2M0YzAiOnsiY3JlYXRlIjoxODAwMDAwMDAwMDAwLCJkZWxldGUiOjE4MDAwMDAwMDAwMDAsInVwZGF0ZSI6MTgwMDAwMDAwMDAwMH19"
        }
      ]
    },
    {
      "mode": "managed",
      "type": "aws_s3_bucket",
      "name": "portfolio",
      "provider": "provider[\"registry.terraform.io/hashicorp/aws\"]",
      "instances": [
        {
          "schema_version": 0,
          "attributes": {
            "acceleration_status": "",
            "acl": null,
            "arn": "arn:aws:s3:::hectoragomez.com",
            "bucket": "hectoragomez.com",
            "bucket_domain_name": "hectoragomez.com.s3.amazonaws.com",
            "bucket_prefix": "",
            "bucket_regional_domain_name": "hectoragomez.com.s3.us-east-1.amazonaws.com",
            "cors_rule": [],
            "force_destroy": false,
            "grant": [
              {
                "id": "f3552b8b4f552675cde9fba74040a886cd5ad0768804a8a47b2c69a765da2340",
                "permissions": [
                  "FULL_CONTROL"
                ],
                "type": "CanonicalUser",
                "uri": ""
              }
            ],
            "hosted_zone_id": "Z3AQBSTGFYJSTF",
            "id": "hectoragomez.com",
            "lifecycle_rule": [],
            "logging": [],
            "object_lock_configuration": [],
            "object_lock_enabled": false,
            "policy": "{\"Statement\":[{\"Action\":\"s3:GetObject\",\"Condition\":{\"StringEquals\":{\"AWS:SourceArn\":\"arn:aws:cloudfront::628835453302:distribution/E2SEY089GQCON8\"}},\"Effect\":\"Allow\",\"Principal\":{\"Service\":\"cloudfront.amazonaws.com\"},\"Resource\":\"arn:aws:s3:::hectoragomez.com/*\",\"Sid\":\"AllowCloudFrontServicePrincipal\"}],\"Version\":\"2012-10-17\"}",
            "region": "us-east-1",
            "replication_configuration": [],
            "request_payer": "BucketOwner",
            "server_side_encryption_configuration": [
              {
                "rule": [
                  {
                    "apply_server_side_encryption_by_default": [
                      {
                        "kms_master_key_id": "",
                        "sse_algorithm": "AES256"
                      }
                    ],
                    "bucket_key_enabled": false
                  }
                ]
              }
            ],
            "tags": {
              "Project": "portfolio"
            },
            "tags_all": {
              "Project": "portfolio"
            },
            "timeouts": null,
            "versioning": [
              {
                "enabled": true,
                "mfa_delete": false
              }
            ],
            "website": [],
            "website_domain": null,
            "website_endpoint": null
          },
          "sensitive_attributes": [],
          "private": "eyJlMmJmYjczMC1lY2FhLTExZTYtOGY4OC0zNDM2M2JjN2M0YzAiOnsiY3JlYXRlIjoxMjAwMDAwMDAwMDAwLCJkZWxldGUiOjM2MDAwMDAwMDAwMDAsInJlYWQiOjEyMDAwMDAwMDAwMDAsInVwZGF0ZSI6MTIwMDAwMDAwMDAwMH19"
        }
      ]
    },
    {
      "mode": "managed",
      "type": "aws_s3_bucket_policy",
      "name": "portfolio",
      "provider": "provider[\"registry.terraform.io/hashicorp/aws\"]",
      "instances": [
        {
          "schema_version": 0,
          "attributes": {
            "bucket": "hectoragomez.com",
            "id": "hectoragomez.com",
            "policy": "{\"Statement\":[{\"Action\":\"s3:GetObject\",\"Condition\":{\"StringEquals\":{\"AWS:SourceArn\":\"arn:aws:cloudfront::628835453302:distribution/E2SEY089GQCON8\"}},\"Effect\":\"Allow\",\"Principal\":{\"Service\":\"cloudfront.amazonaws.com\"},\"Resource\":\"arn:aws:s3:::hectoragomez.com/*\",\"Sid\":\"AllowCloudFrontServicePrincipal\"}],\"Version\":\"2012-10-17\"}"
          },
          "sensitive_attributes": [],
          "private": "bnVsbA==",
          "dependencies": [
            "aws_acm_certificate.portfolio",
            "aws_acm_certificate_validation.portfolio",
            "aws_cloudfront_distribution.portfolio",
            "aws_cloudfront_origin_access_control.portfolio",
            "aws_route53_record.acm_validation",
            "aws_route53_zone.portfolio",
            "aws_s3_bucket.portfolio"
          ]
        }
      ]
    },
    {
      "mode": "managed",
      "type": "aws_s3_bucket_public_access_block",
      "name": "portfolio",
      "provider": "provider[\"registry.terraform.io/hashicorp/aws\"]",
      "instances": [
        {
          "schema_version": 0,
          "attributes": {
            "block_public_acls": true,
            "block_public_policy": true,
            "bucket": "hectoragomez.com",
            "id": "hectoragomez.com",
            "ignore_public_acls": true,
            "restrict_public_buckets": true
          },
          "sensitive_attributes": [],
          "private": "bnVsbA==",
          "dependencies": [
            "aws_s3_bucket.portfolio"
          ]
        }
      ]
    },
    {
      "mode": "managed",
      "type": "aws_s3_bucket_versioning",
      "name": "portfolio",
      "provider": "provider[\"registry.terraform.io/hashicorp/aws\"]",
      "instances": [
        {
          "schema_version": 0,
          "attributes": {
            "bucket": "hectoragomez.com",
            "expected_bucket_owner": "",
            "id": "hectoragomez.com",
            "mfa": null,
            "versioning_configuration": [
              {
                "mfa_delete": "",
                "status": "Enabled"
              }
            ]
          },
          "sensitive_attributes": [],
          "private": "bnVsbA==",
          "dependencies": [
            "aws_s3_bucket.portfolio"
          ]
        }
      ]
    }
  ],
  "check_results": null
}
